
Microsoft Visual Studio Solution File, Format Version 12.00
# Visual Studio Version 17
VisualStudioVersion = 17.4.33103.184
MinimumVisualStudioVersion = 10.0.40219.1
Project("{FAE04EC0-301F-11D3-BF4B-00C04F79EFBC}") = "Calculator", "Calculator\Calculator.csproj", "{7C8C8305-ED38-4232-9416-042D6432ABAF}"
EndProject
Global
	GlobalSection(SolutionConfigurationPlatforms) = preSolution
		Debug|Any CPU = Debug|Any CPU
		Release|Any CPU = Release|Any CPU
	EndGlobalSection
	GlobalSection(ProjectConfigurationPlatforms) = postSolution
		{7C8C8305-ED38-4232-9416-042D6432ABAF}.Debug|Any CPU.ActiveCfg = Debug|Any CPU
		{7C8C8305-ED38-4232-9416-042D6432ABAF}.Debug|Any CPU.Build.0 = Debug|Any CPU
		{7C8C8305-ED38-4232-9416-042D6432ABAF}.Release|Any CPU.ActiveCfg = Release|Any CPU
		{7C8C8305-ED38-4232-9416-042D6432ABAF}.Release|Any CPU.Build.0 = Release|Any CPU
	EndGlobalSection
	GlobalSection(SolutionProperties) = preSolution
		HideSolutionNode = FALSE
	EndGlobalSection
	GlobalSection(ExtensibilityGlobals) = postSolution
		SolutionGuid = {3657CABE-4524-4D04-959D-C56C18DCBB7E}
	EndGlobalSection
EndGlobal
